// !$*UTF8*$!
{
	archiveVersion = 1;
	classes = {
	};
	objectVersion = 50;
	objects = {

/* Begin PBXBuildFile section */
		40276280224FFE0000D11729 /* AppDelegate.swift in Sources */ = {isa = PBXBuildFile; fileRef = 4027627F224FFE0000D11729 /* AppDelegate.swift */; };
		40276282224FFE0000D11729 /* ViewController.swift in Sources */ = {isa = PBXBuildFile; fileRef = 40276281224FFE0000D11729 /* ViewController.swift */; };
		40276285224FFE0000D11729 /* Main.storyboard in Resources */ = {isa = PBXBuildFile; fileRef = 40276283224FFE0000D11729 /* Main.storyboard */; };
		40276287224FFE0600D11729 /* Assets.xcassets in Resources */ = {isa = PBXBuildFile; fileRef = 40276286224FFE0600D11729 /* Assets.xcassets */; };
		4027628A224FFE0600D11729 /* LaunchScreen.storyboard in Resources */ = {isa = PBXBuildFile; fileRef = 40276288224FFE0600D11729 /* LaunchScreen.storyboard */; };
		40276295224FFE0600D11729 /* GuessColorTests.swift in Sources */ = {isa = PBXBuildFile; fileRef = 40276294224FFE0600D11729 /* GuessColorTests.swift */; };
		402762A0224FFE0600D11729 /* GuessColorUITests.swift in Sources */ = {isa = PBXBuildFile; fileRef = 4027629F224FFE0600D11729 /* GuessColorUITests.swift */; };
		402762AE225001CC00D11729 /* PORKYS_.TTF in Resources */ = {isa = PBXBuildFile; fileRef = 402762AD225001CC00D11729 /* PORKYS_.TTF */; };
		402762AF225001CC00D11729 /* PORKYS_.TTF in Resources */ = {isa = PBXBuildFile; fileRef = 402762AD225001CC00D11729 /* PORKYS_.TTF */; };
		402762B0225001CC00D11729 /* PORKYS_.TTF in Resources */ = {isa = PBXBuildFile; fileRef = 402762AD225001CC00D11729 /* PORKYS_.TTF */; };
/* End PBXBuildFile section */

/* Begin PBXContainerItemProxy section */
		40276291224FFE0600D11729 /* PBXContainerItemProxy */ = {
			isa = PBXContainerItemProxy;
			containerPortal = 40276274224FFE0000D11729 /* Project object */;
			proxyType = 1;
			remoteGlobalIDString = 4027627B224FFE0000D11729;
			remoteInfo = GuessColor;
		};
		4027629C224FFE0600D11729 /* PBXContainerItemProxy */ = {
			isa = PBXContainerItemProxy;
			containerPortal = 40276274224FFE0000D11729 /* Project object */;
			proxyType = 1;
			remoteGlobalIDString = 4027627B224FFE0000D11729;
			remoteInfo = GuessColor;
		};
/* End PBXContainerItemProxy section */

/* Begin PBXFileReference section */
		4027627C224FFE0000D11729 /* GuessColor.app */ = {isa = PBXFileReference; explicitFileType = wrapper.application; includeInIndex = 0; path = GuessColor.app; sourceTree = BUILT_PRODUCTS_DIR; };
		4027627F224FFE0000D11729 /* AppDelegate.swift */ = {isa = PBXFileReference; lastKnownFileType = sourcecode.swift; path = AppDelegate.swift; sourceTree = "<group>"; };
		40276281224FFE0000D11729 /* ViewController.swift */ = {isa = PBXFileReference; lastKnownFileType = sourcecode.swift; path = ViewController.swift; sourceTree = "<group>"; };
		40276284224FFE0000D11729 /* Base */ = {isa = PBXFileReference; lastKnownFileType = file.storyboard; name = Base; path = Base.lproj/Main.storyboard; sourceTree = "<group>"; };
		40276286224FFE0600D11729 /* Assets.xcassets */ = {isa = PBXFileReference; lastKnownFileType = folder.assetcatalog; path = Assets.xcassets; sourceTree = "<group>"; };
		40276289224FFE0600D11729 /* Base */ = {isa = PBXFileReference; lastKnownFileType = file.storyboard; name = Base; path = Base.lproj/LaunchScreen.storyboard; sourceTree = "<group>"; };
		4027628B224FFE0600D11729 /* Info.plist */ = {isa = PBXFileReference; lastKnownFileType = text.plist.xml; path = Info.plist; sourceTree = "<group>"; };
		40276290224FFE0600D11729 /* GuessColorTests.xctest */ = {isa = PBXFileReference; explicitFileType = wrapper.cfbundle; includeInIndex = 0; path = GuessColorTests.xctest; sourceTree = BUILT_PRODUCTS_DIR; };
		40276294224FFE0600D11729 /* GuessColorTests.swift */ = {isa = PBXFileReference; lastKnownFileType = sourcecode.swift; path = GuessColorTests.swift; sourceTree = "<group>"; };
		40276296224FFE0600D11729 /* Info.plist */ = {isa = PBXFileReference; lastKnownFileType = text.plist.xml; path = Info.plist; sourceTree = "<group>"; };
		4027629B224FFE0600D11729 /* GuessColorUITests.xctest */ = {isa = PBXFileReference; explicitFileType = wrapper.cfbundle; includeInIndex = 0; path = GuessColorUITests.xctest; sourceTree = BUILT_PRODUCTS_DIR; };
		4027629F224FFE0600D11729 /* GuessColorUITests.swift */ = {isa = PBXFileReference; lastKnownFileType = sourcecode.swift; path = GuessColorUITests.swift; sourceTree = "<group>"; };
		402762A1224FFE0600D11729 /* Info.plist */ = {isa = PBXFileReference; lastKnownFileType = text.plist.xml; path = Info.plist; sourceTree = "<group>"; };
		402762AD225001CC00D11729 /* PORKYS_.TTF */ = {isa = PBXFileReference; lastKnownFileType = file; path = PORKYS_.TTF; sourceTree = "<group>"; };
/* End PBXFileReference section */

/* Begin PBXFrameworksBuildPhase section */
		40276279224FFE0000D11729 /* Frameworks */ = {
			isa = PBXFrameworksBuildPhase;
			buildActionMask = 2147483647;
			files = (
			);
			runOnlyForDeploymentPostprocessing = 0;
		};
		4027628D224FFE0600D11729 /* Frameworks */ = {
			isa = PBXFrameworksBuildPhase;
			buildActionMask = 2147483647;
			files = (
			);
			runOnlyForDeploymentPostprocessing = 0;
		};
		40276298224FFE0600D11729 /* Frameworks */ = {
			isa = PBXFrameworksBuildPhase;
			buildActionMask = 2147483647;
			files = (
			);
			runOnlyForDeploymentPostprocessing = 0;
		};
/* End PBXFrameworksBuildPhase section */

/* Begin PBXGroup section */
		40276273224FFE0000D11729 = {
			isa = PBXGroup;
			children = (
				4027627E224FFE0000D11729 /* GuessColor */,
				40276293224FFE0600D11729 /* GuessColorTests */,
				4027629E224FFE0600D11729 /* GuessColorUITests */,
				4027627D224FFE0000D11729 /* Products */,
			);
			sourceTree = "<group>";
		};
		4027627D224FFE0000D11729 /* Products */ = {
			isa = PBXGroup;
			children = (
				4027627C224FFE0000D11729 /* GuessColor.app */,
				40276290224FFE0600D11729 /* GuessColorTests.xctest */,
				4027629B224FFE0600D11729 /* GuessColorUITests.xctest */,
			);
			name = Products;
			sourceTree = "<group>";
		};
		4027627E224FFE0000D11729 /* GuessColor */ = {
			isa = PBXGroup;
			children = (
				4027627F224FFE0000D11729 /* AppDelegate.swift */,
				40276281224FFE0000D11729 /* ViewController.swift */,
				40276283224FFE0000D11729 /* Main.storyboard */,
				40276286224FFE0600D11729 /* Assets.xcassets */,
				40276288224FFE0600D11729 /* LaunchScreen.storyboard */,
				4027628B224FFE0600D11729 /* Info.plist */,
				402762AD225001CC00D11729 /* PORKYS_.TTF */,
			);
			path = GuessColor;
			sourceTree = "<group>";
		};
		40276293224FFE0600D11729 /* GuessColorTests */ = {
			isa = PBXGroup;
			children = (
				40276294224FFE0600D11729 /* GuessColorTests.swift */,
				40276296224FFE0600D11729 /* Info.plist */,
			);
			path = GuessColorTests;
			sourceTree = "<group>";
		};
		4027629E224FFE0600D11729 /* GuessColorUITests */ = {
			isa = PBXGroup;
			children = (
				4027629F224FFE0600D11729 /* GuessColorUITests.swift */,
				402762A1224FFE0600D11729 /* Info.plist */,
			);
			path = GuessColorUITests;
			sourceTree = "<group>";
		};
/* End PBXGroup section */

/* Begin PBXNativeTarget section */
		4027627B224FFE0000D11729 /* GuessColor */ = {
			isa = PBXNativeTarget;
			buildConfigurationList = 402762A4224FFE0600D11729 /* Build configuration list for PBXNativeTarget "GuessColor" */;
			buildPhases = (
				40276278224FFE0000D11729 /* Sources */,
				40276279224FFE0000D11729 /* Frameworks */,
				4027627A224FFE0000D11729 /* Resources */,
			);
			buildRules = (
			);
			dependencies = (
			);
			name = GuessColor;
			productName = GuessColor;
			productReference = 4027627C224FFE0000D11729 /* GuessColor.app */;
			productType = "com.apple.product-type.application";
		};
		4027628F224FFE0600D11729 /* GuessColorTests */ = {
			isa = PBXNativeTarget;
			buildConfigurationList = 402762A7224FFE0600D11729 /* Build configuration list for PBXNativeTarget "GuessColorTests" */;
			buildPhases = (
				4027628C224FFE0600D11729 /* Sources */,
				4027628D224FFE0600D11729 /* Frameworks */,
				4027628E224FFE0600D11729 /* Resources */,
			);
			buildRules = (
			);
			dependencies = (
				40276292224FFE0600D11729 /* PBXTargetDependency */,
			);
			name = GuessColorTests;
			productName = GuessColorTests;
			productReference = 40276290224FFE0600D11729 /* GuessColorTests.xctest */;
			productType = "com.apple.product-type.bundle.unit-test";
		};
		4027629A224FFE0600D11729 /* GuessColorUITests */ = {
			isa = PBXNativeTarget;
			buildConfigurationList = 402762AA224FFE0600D11729 /* Build configuration list for PBXNativeTarget "GuessColorUITests" */;
			buildPhases = (
				40276297224FFE0600D11729 /* Sources */,
				40276298224FFE0600D11729 /* Frameworks */,
				40276299224FFE0600D11729 /* Resources */,
			);
			buildRules = (
			);
			dependencies = (
				4027629D224FFE0600D11729 /* PBXTargetDependency */,
			);
			name = GuessColorUITests;
			productName = GuessColorUITests;
			productReference = 4027629B224FFE0600D11729 /* GuessColorUITests.xctest */;
			productType = "com.apple.product-type.bundle.ui-testing";
		};
/* End PBXNativeTarget section */

/* Begin PBXProject section */
		40276274224FFE0000D11729 /* Project object */ = {
			isa = PBXProject;
			attributes = {
				LastSwiftUpdateCheck = 1020;
				LastUpgradeCheck = 1020;
				ORGANIZATIONNAME = Shivam;
				TargetAttributes = {
					4027627B224FFE0000D11729 = {
						CreatedOnToolsVersion = 10.2;
					};
					4027628F224FFE0600D11729 = {
						CreatedOnToolsVersion = 10.2;
						TestTargetID = 4027627B224FFE0000D11729;
					};
					4027629A224FFE0600D11729 = {
						CreatedOnToolsVersion = 10.2;
						TestTargetID = 4027627B224FFE0000D11729;
					};
				};
			};
			buildConfigurationList = 40276277224FFE0000D11729 /* Build configuration list for PBXProject "GuessColor" */;
			compatibilityVersion = "Xcode 9.3";
			developmentRegion = en;
			hasScannedForEncodings = 0;
			knownRegions = (
				en,
				Base,
			);
			mainGroup = 40276273224FFE0000D11729;
			productRefGroup = 4027627D224FFE0000D11729 /* Products */;
			projectDirPath = "";
			projectRoot = "";
			targets = (
				4027627B224FFE0000D11729 /* GuessColor */,
				4027628F224FFE0600D11729 /* GuessColorTests */,
				4027629A224FFE0600D11729 /* GuessColorUITests */,
			);
		};
/* End PBXProject section */

/* Begin PBXResourcesBuildPhase section */
		4027627A224FFE0000D11729 /* Resources */ = {
			isa = PBXResourcesBuildPhase;
			buildActionMask = 2147483647;
			files = (
				4027628A224FFE0600D11729 /* LaunchScreen.storyboard in Resources */,
				40276287224FFE0600D11729 /* Assets.xcassets in Resources */,
				402762AE225001CC00D11729 /* PORKYS_.TTF in Resources */,
				40276285224FFE0000D11729 /* Main.storyboard in Resources */,
			);
			runOnlyForDeploymentPostprocessing = 0;
		};
		4027628E224FFE0600D11729 /* Resources */ = {
			isa = PBXResourcesBuildPhase;
			buildActionMask = 2147483647;
			files = (
				402762AF225001CC00D11729 /* PORKYS_.TTF in Resources */,
			);
			runOnlyForDeploymentPostprocessing = 0;
		};
		40276299224FFE0600D11729 /* Resources */ = {
			isa = PBXResourcesBuildPhase;
			buildActionMask = 2147483647;
			files = (
				402762B0225001CC00D11729 /* PORKYS_.TTF in Resources */,
			);
			runOnlyForDeploymentPostprocessing = 0;
		};
/* End PBXResourcesBuildPhase section */

/* Begin PBXSourcesBuildPhase section */
		40276278224FFE0000D11729 /* Sources */ = {
			isa = PBXSourcesBuildPhase;
			buildActionMask = 2147483647;
			files = (
				40276282224FFE0000D11729 /* ViewController.swift in Sources */,
				40276280224FFE0000D11729 /* AppDelegate.swift in Sources */,
			);
			runOnlyForDeploymentPostprocessing = 0;
		};
		4027628C224FFE0600D11729 /* Sources */ = {
			isa = PBXSourcesBuildPhase;
			buildActionMask = 2147483647;
			files = (
				40276295224FFE0600D11729 /* GuessColorTests.swift in Sources */,
			);
			runOnlyForDeploymentPostprocessing = 0;
		};
		40276297224FFE0600D11729 /* Sources */ = {
			isa = PBXSourcesBuildPhase;
			buildActionMask = 2147483647;
			files = (
				402762A0224FFE0600D11729 /* GuessColorUITests.swift in Sources */,
			);
			runOnlyForDeploymentPostprocessing = 0;
		};
/* End PBXSourcesBuildPhase section */

/* Begin PBXTargetDependency section */
		40276292224FFE0600D11729 /* PBXTargetDependency */ = {
			isa = PBXTargetDependency;
			target = 4027627B224FFE0000D11729 /* GuessColor */;
			targetProxy = 40276291224FFE0600D11729 /* PBXContainerItemProxy */;
		};
		4027629D224FFE0600D11729 /* PBXTargetDependency */ = {
			isa = PBXTargetDependency;
			target = 4027627B224FFE0000D11729 /* GuessColor */;
			targetProxy = 4027629C224FFE0600D11729 /* PBXContainerItemProxy */;
		};
/* End PBXTargetDependency section */

/* Begin PBXVariantGroup section */
		40276283224FFE0000D11729 /* Main.storyboard */ = {
			isa = PBXVariantGroup;
			children = (
				40276284224FFE0000D11729 /* Base */,
			);
			name = Main.storyboard;
			sourceTree = "<group>";
		};
		40276288224FFE0600D11729 /* LaunchScreen.storyboard */ = {
			isa = PBXVariantGroup;
			children = (
				40276289224FFE0600D11729 /* Base */,
			);
			name = LaunchScreen.storyboard;
			sourceTree = "<group>";
		};
/* End PBXVariantGroup section */

/* Begin XCBuildConfiguration section */
		402762A2224FFE0600D11729 /* Debug */ = {
			isa = XCBuildConfiguration;
			buildSettings = {
				ALWAYS_SEARCH_USER_PATHS = NO;
				CLANG_ANALYZER_NONNULL = YES;
				CLANG_ANALYZER_NUMBER_OBJECT_CONVERSION = YES_AGGRESSIVE;
				CLANG_CXX_LANGUAGE_STANDARD = "gnu++14";
				CLANG_CXX_LIBRARY = "libc++";
				CLANG_ENABLE_MODULES = YES;
				CLANG_ENABLE_OBJC_ARC = YES;
				CLANG_ENABLE_OBJC_WEAK = YES;
				CLANG_WARN_BLOCK_CAPTURE_AUTORELEASING = YES;
				CLANG_WARN_BOOL_CONVERSION = YES;
				CLANG_WARN_COMMA = YES;
				CLANG_WARN_CONSTANT_CONVERSION = YES;
				CLANG_WARN_DEPRECATED_OBJC_IMPLEMENTATIONS = YES;
				CLANG_WARN_DIRECT_OBJC_ISA_USAGE = YES_ERROR;
				CLANG_WARN_DOCUMENTATION_COMMENTS = YES;
				CLANG_WARN_EMPTY_BODY = YES;
				CLANG_WARN_ENUM_CONVERSION = YES;
				CLANG_WARN_INFINITE_RECURSION = YES;
				CLANG_WARN_INT_CONVERSION = YES;
				CLANG_WARN_NON_LITERAL_NULL_CONVERSION = YES;
				CLANG_WARN_OBJC_IMPLICIT_RETAIN_SELF = YES;
				CLANG_WARN_OBJC_LITERAL_CONVERSION = YES;
				CLANG_WARN_OBJC_ROOT_CLASS = YES_ERROR;
				CLANG_WARN_RANGE_LOOP_ANALYSIS = YES;
				CLANG_WARN_STRICT_PROTOTYPES = YES;
				CLANG_WARN_SUSPICIOUS_MOVE = YES;
				CLANG_WARN_UNGUARDED_AVAILABILITY = YES_AGGRESSIVE;
				CLANG_WARN_UNREACHABLE_CODE = YES;
				CLANG_WARN__DUPLICATE_METHOD_MATCH = YES;
				CODE_SIGN_IDENTITY = "iPhone Developer";
				COPY_PHASE_STRIP = NO;
				DEBUG_INFORMATION_FORMAT = dwarf;
				ENABLE_STRICT_OBJC_MSGSEND = YES;
				ENABLE_TESTABILITY = YES;
				GCC_C_LANGUAGE_STANDARD = gnu11;
				GCC_DYNAMIC_NO_PIC = NO;
				GCC_NO_COMMON_BLOCKS = YES;
				GCC_OPTIMIZATION_LEVEL = 0;
				GCC_PREPROCESSOR_DEFINITIONS = (
					"DEBUG=1",
					"$(inherited)",
				);
				GCC_WARN_64_TO_32_BIT_CONVERSION = YES;
				GCC_WARN_ABOUT_RETURN_TYPE = YES_ERROR;
				GCC_WARN_UNDECLARED_SELECTOR = YES;
				GCC_WARN_UNINITIALIZED_AUTOS = YES_AGGRESSIVE;
				GCC_WARN_UNUSED_FUNCTION = YES;
				GCC_WARN_UNUSED_VARIABLE = YES;
				IPHONEOS_DEPLOYMENT_TARGET = 12.2;
				MTL_ENABLE_DEBUG_INFO = INCLUDE_SOURCE;
				MTL_FAST_MATH = YES;
				ONLY_ACTIVE_ARCH = YES;
				SDKROOT = iphoneos;
				SWIFT_ACTIVE_COMPILATION_CONDITIONS = DEBUG;
				SWIFT_OPTIMIZATION_LEVEL = "-Onone";
			};
			name = Debug;
		};
		402762A3224FFE0600D11729 /* Release */ = {
			isa = XCBuildConfiguration;
			buildSettings = {
				ALWAYS_SEARCH_USER_PATHS = NO;
				CLANG_ANALYZER_NONNULL = YES;
				CLANG_ANALYZER_NUMBER_OBJECT_CONVERSION = YES_AGGRESSIVE;
				CLANG_CXX_LANGUAGE_STANDARD = "gnu++14";
				CLANG_CXX_LIBRARY = "libc++";
				CLANG_ENABLE_MODULES = YES;
				CLANG_ENABLE_OBJC_ARC = YES;
				CLANG_ENABLE_OBJC_WEAK = YES;
				CLANG_WARN_BLOCK_CAPTURE_AUTORELEASING = YES;
				CLANG_WARN_BOOL_CONVERSION = YES;
				CLANG_WARN_COMMA = YES;
				CLANG_WARN_CONSTANT_CONVERSION = YES;
				CLANG_WARN_DEPRECATED_OBJC_IMPLEMENTATIONS = YES;
				CLANG_WARN_DIRECT_OBJC_ISA_USAGE = YES_ERROR;
				CLANG_WARN_DOCUMENTATION_COMMENTS = YES;
				CLANG_WARN_EMPTY_BODY = YES;
				CLANG_WARN_ENUM_CONVERSION = YES;
				CLANG_WARN_INFINITE_RECURSION = YES;
				CLANG_WARN_INT_CONVERSION = YES;
				CLANG_WARN_NON_LITERAL_NULL_CONVERSION = YES;
				CLANG_WARN_OBJC_IMPLICIT_RETAIN_SELF = YES;
				CLANG_WARN_OBJC_LITERAL_CONVERSION = YES;
				CLANG_WARN_OBJC_ROOT_CLASS = YES_ERROR;
				CLANG_WARN_RANGE_LOOP_ANALYSIS = YES;
				CLANG_WARN_STRICT_PROTOTYPES = YES;
				CLANG_WARN_SUSPICIOUS_MOVE = YES;
				CLANG_WARN_UNGUARDED_AVAILABILITY = YES_AGGRESSIVE;
				CLANG_WARN_UNREACHABLE_CODE = YES;
				CLANG_WARN__DUPLICATE_METHOD_MATCH = YES;
				CODE_SIGN_IDENTITY = "iPhone Developer";
				COPY_PHASE_STRIP = NO;
				DEBUG_INFORMATION_FORMAT = "dwarf-with-dsym";
				ENABLE_NS_ASSERTIONS = NO;
				ENABLE_STRICT_OBJC_MSGSEND = YES;
				GCC_C_LANGUAGE_STANDARD = gnu11;
				GCC_NO_COMMON_BLOCKS = YES;
				GCC_WARN_64_TO_32_BIT_CONVERSION = YES;
				GCC_WARN_ABOUT_RETURN_TYPE = YES_ERROR;
				GCC_WARN_UNDECLARED_SELECTOR = YES;
				GCC_WARN_UNINITIALIZED_AUTOS = YES_AGGRESSIVE;
				GCC_WARN_UNUSED_FUNCTION = YES;
				GCC_WARN_UNUSED_VARIABLE = YES;
				IPHONEOS_DEPLOYMENT_TARGET = 12.2;
				MTL_ENABLE_DEBUG_INFO = NO;
				MTL_FAST_MATH = YES;
				SDKROOT = iphoneos;
				SWIFT_COMPILATION_MODE = wholemodule;
				SWIFT_OPTIMIZATION_LEVEL = "-O";
				VALIDATE_PRODUCT = YES;
			};
			name = Release;
		};
		402762A5224FFE0600D11729 /* Debug */ = {
			isa = XCBuildConfiguration;
			buildSettings = {
				ASSETCATALOG_COMPILER_APPICON_NAME = AppIcon;
				CODE_SIGN_STYLE = Automatic;
				INFOPLIST_FILE = GuessColor/Info.plist;
				LD_RUNPATH_SEARCH_PATHS = (
					"$(inherited)",
					"@executable_path/Frameworks",
				);
				PRODUCT_BUNDLE_IDENTIFIER = Shivam.GuessColor;
				PRODUCT_NAME = "$(TARGET_NAME)";
				SWIFT_VERSION = 5.0;
				TARGETED_DEVICE_FAMILY = "1,2";
			};
			name = Debug;
		};
		402762A6224FFE0600D11729 /* Release */ = {
			isa = XCBuildConfiguration;
			buildSettings = {
				ASSETCATALOG_COMPILER_APPICON_NAME = AppIcon;
				CODE_SIGN_STYLE = Automatic;
				INFOPLIST_FILE = GuessColor/Info.plist;
				LD_RUNPATH_SEARCH_PATHS = (
					"$(inherited)",
					"@executable_path/Frameworks",
				);
				PRODUCT_BUNDLE_IDENTIFIER = Shivam.GuessColor;
				PRODUCT_NAME = "$(TARGET_NAME)";
				SWIFT_VERSION = 5.0;
				TARGETED_DEVICE_FAMILY = "1,2";
			};
			name = Release;
		};
		402762A8224FFE0600D11729 /* Debug */ = {
			isa = XCBuildConfiguration;
			buildSettings = {
				ALWAYS_EMBED_SWIFT_STANDARD_LIBRARIES = YES;
				BUNDLE_LOADER = "$(TEST_HOST)";
				CODE_SIGN_STYLE = Automatic;
				INFOPLIST_FILE = GuessColorTests/Info.plist;
				LD_RUNPATH_SEARCH_PATHS = (
					"$(inherited)",
					"@executable_path/Frameworks",
					"@loader_path/Frameworks",
				);
				PRODUCT_BUNDLE_IDENTIFIER = Shivam.GuessColorTests;
				PRODUCT_NAME = "$(TARGET_NAME)";
				SWIFT_VERSION = 5.0;
				TARGETED_DEVICE_FAMILY = "1,2";
				TEST_HOST = "$(BUILT_PRODUCTS_DIR)/GuessColor.app/GuessColor";
			};
			name = Debug;
		};
		402762A9224FFE0600D11729 /* Release */ = {
			isa = XCBuildConfiguration;
			buildSettings = {
				ALWAYS_EMBED_SWIFT_STANDARD_LIBRARIES = YES;
				BUNDLE_LOADER = "$(TEST_HOST)";
				CODE_SIGN_STYLE = Automatic;
				INFOPLIST_FILE = GuessColorTests/Info.plist;
				LD_RUNPATH_SEARCH_PATHS = (
					"$(inherited)",
					"@executable_path/Frameworks",
					"@loader_path/Frameworks",
				);
				PRODUCT_BUNDLE_IDENTIFIER = Shivam.GuessColorTests;
				PRODUCT_NAME = "$(TARGET_NAME)";
				SWIFT_VERSION = 5.0;
				TARGETED_DEVICE_FAMILY = "1,2";
				TEST_HOST = "$(BUILT_PRODUCTS_DIR)/GuessColor.app/GuessColor";
			};
			name = Release;
		};
		402762AB224FFE0600D11729 /* Debug */ = {
			isa = XCBuildConfiguration;
			buildSettings = {
				ALWAYS_EMBED_SWIFT_STANDARD_LIBRARIES = YES;
				CODE_SIGN_STYLE = Automatic;
				INFOPLIST_FILE = GuessColorUITests/Info.plist;
				LD_RUNPATH_SEARCH_PATHS = (
					"$(inherited)",
					"@executable_path/Frameworks",
					"@loader_path/Frameworks",
				);
				PRODUCT_BUNDLE_IDENTIFIER = Shivam.GuessColorUITests;
				PRODUCT_NAME = "$(TARGET_NAME)";
				SWIFT_VERSION = 5.0;
				TARGETED_DEVICE_FAMILY = "1,2";
				TEST_TARGET_NAME = GuessColor;
			};
			name = Debug;
		};
		402762AC224FFE0600D11729 /* Release */ = {
			isa = XCBuildConfiguration;
			buildSettings = {
				ALWAYS_EMBED_SWIFT_STANDARD_LIBRARIES = YES;
				CODE_SIGN_STYLE = Automatic;
				INFOPLIST_FILE = GuessColorUITests/Info.plist;
				LD_RUNPATH_SEARCH_PATHS = (
					"$(inherited)",
					"@executable_path/Frameworks",
					"@loader_path/Frameworks",
				);
				PRODUCT_BUNDLE_IDENTIFIER = Shivam.GuessColorUITests;
				PRODUCT_NAME = "$(TARGET_NAME)";
				SWIFT_VERSION = 5.0;
				TARGETED_DEVICE_FAMILY = "1,2";
				TEST_TARGET_NAME = GuessColor;
			};
			name = Release;
		};
/* End XCBuildConfiguration section */

/* Begin XCConfigurationList section */
		40276277224FFE0000D11729 /* Build configuration list for PBXProject "GuessColor" */ = {
			isa = XCConfigurationList;
			buildConfigurations = (
				402762A2224FFE0600D11729 /* Debug */,
				402762A3224FFE0600D11729 /* Release */,
			);
			defaultConfigurationIsVisible = 0;
			defaultConfigurationName = Release;
		};
		402762A4224FFE0600D11729 /* Build configuration list for PBXNativeTarget "GuessColor" */ = {
			isa = XCConfigurationList;
			buildConfigurations = (
				402762A5224FFE0600D11729 /* Debug */,
				402762A6224FFE0600D11729 /* Release */,
			);
			defaultConfigurationIsVisible = 0;
			defaultConfigurationName = Release;
		};
		402762A7224FFE0600D11729 /* Build configuration list for PBXNativeTarget "GuessColorTests" */ = {
			isa = XCConfigurationList;
			buildConfigurations = (
				402762A8224FFE0600D11729 /* Debug */,
				402762A9224FFE0600D11729 /* Release */,
			);
			defaultConfigurationIsVisible = 0;
			defaultConfigurationName = Release;
		};
		402762AA224FFE0600D11729 /* Build configuration list for PBXNativeTarget "GuessColorUITests" */ = {
			isa = XCConfigurationList;
			buildConfigurations = (
				402762AB224FFE0600D11729 /* Debug */,
				402762AC224FFE0600D11729 /* Release */,
			);
			defaultConfigurationIsVisible = 0;
			defaultConfigurationName = Release;
		};
/* End XCConfigurationList section */
	};
	rootObject = 40276274224FFE0000D11729 /* Project object */;
}
